
Microsoft Visual Studio Solution File, Format Version 12.00
# Visual Studio 15
VisualStudioVersion = 15.0.27703.2035
MinimumVisualStudioVersion = 10.0.40219.1
Project("{FAE04EC0-301F-11D3-BF4B-00C04F79EFBC}") = "Anuvadak.Android", "Anuvadak\Anuvadak.Android\Anuvadak.Android.csproj", "{E1A6286E-D047-49E6-BD5A-153815ED8826}"
EndProject
Project("{FAE04EC0-301F-11D3-BF4B-00C04F79EFBC}") = "Anuvadak.UWP", "Anuvadak\Anuvadak.UWP\Anuvadak.UWP.csproj", "{01312558-58D4-47BF-A95A-1BA416379B9F}"
EndProject
Project("{D954291E-2A0B-460D-934E-DC6B0785DB48}") = "Anuvadak", "Anuvadak\Anuvadak\Anuvadak.shproj", "{6A307401-15E2-4E29-8999-2DAB0645A25B}"
EndProject
Global
	GlobalSection(SharedMSBuildProjectFiles) = preSolution
		Anuvadak\Anuvadak\Anuvadak.projitems*{01312558-58d4-47bf-a95a-1ba416379b9f}*SharedItemsImports = 4
		Anuvadak\Anuvadak\Anuvadak.projitems*{6a307401-15e2-4e29-8999-2dab0645a25b}*SharedItemsImports = 13
		Anuvadak\Anuvadak\Anuvadak.projitems*{e1a6286e-d047-49e6-bd5a-153815ed8826}*SharedItemsImports = 4
	EndGlobalSection
	GlobalSection(SolutionConfigurationPlatforms) = preSolution
		Debug|Any CPU = Debug|Any CPU
		Debug|ARM = Debug|ARM
		Debug|x64 = Debug|x64
		Debug|x86 = Debug|x86
		Release|Any CPU = Release|Any CPU
		Release|ARM = Release|ARM
		Release|x64 = Release|x64
		Release|x86 = Release|x86
	EndGlobalSection
	GlobalSection(ProjectConfigurationPlatforms) = postSolution
		{E1A6286E-D047-49E6-BD5A-153815ED8826}.Debug|Any CPU.ActiveCfg = Debug|Any CPU
		{E1A6286E-D047-49E6-BD5A-153815ED8826}.Debug|Any CPU.Build.0 = Debug|Any CPU
		{E1A6286E-D047-49E6-BD5A-153815ED8826}.Debug|Any CPU.Deploy.0 = Debug|Any CPU
		{E1A6286E-D047-49E6-BD5A-153815ED8826}.Debug|ARM.ActiveCfg = Debug|Any CPU
		{E1A6286E-D047-49E6-BD5A-153815ED8826}.Debug|ARM.Build.0 = Debug|Any CPU
		{E1A6286E-D047-49E6-BD5A-153815ED8826}.Debug|ARM.Deploy.0 = Debug|Any CPU
		{E1A6286E-D047-49E6-BD5A-153815ED8826}.Debug|x64.ActiveCfg = Debug|Any CPU
		{E1A6286E-D047-49E6-BD5A-153815ED8826}.Debug|x64.Build.0 = Debug|Any CPU
		{E1A6286E-D047-49E6-BD5A-153815ED8826}.Debug|x64.Deploy.0 = Debug|Any CPU
		{E1A6286E-D047-49E6-BD5A-153815ED8826}.Debug|x86.ActiveCfg = Debug|Any CPU
		{E1A6286E-D047-49E6-BD5A-153815ED8826}.Debug|x86.Build.0 = Debug|Any CPU
		{E1A6286E-D047-49E6-BD5A-153815ED8826}.Debug|x86.Deploy.0 = Debug|Any CPU
		{E1A6286E-D047-49E6-BD5A-153815ED8826}.Release|Any CPU.ActiveCfg = Release|Any CPU
		{E1A6286E-D047-49E6-BD5A-153815ED8826}.Release|Any CPU.Build.0 = Release|Any CPU
		{E1A6286E-D047-49E6-BD5A-153815ED8826}.Release|Any CPU.Deploy.0 = Release|Any CPU
		{E1A6286E-D047-49E6-BD5A-153815ED8826}.Release|ARM.ActiveCfg = Release|Any CPU
		{E1A6286E-D047-49E6-BD5A-153815ED8826}.Release|ARM.Build.0 = Release|Any CPU
		{E1A6286E-D047-49E6-BD5A-153815ED8826}.Release|ARM.Deploy.0 = Release|Any CPU
		{E1A6286E-D047-49E6-BD5A-153815ED8826}.Release|x64.ActiveCfg = Release|Any CPU
		{E1A6286E-D047-49E6-BD5A-153815ED8826}.Release|x64.Build.0 = Release|Any CPU
		{E1A6286E-D047-49E6-BD5A-153815ED8826}.Release|x64.Deploy.0 = Release|Any CPU
		{E1A6286E-D047-49E6-BD5A-153815ED8826}.Release|x86.ActiveCfg = Release|Any CPU
		{E1A6286E-D047-49E6-BD5A-153815ED8826}.Release|x86.Build.0 = Release|Any CPU
		{E1A6286E-D047-49E6-BD5A-153815ED8826}.Release|x86.Deploy.0 = Release|Any CPU
		{01312558-58D4-47BF-A95A-1BA416379B9F}.Debug|Any CPU.ActiveCfg = Debug|x86
		{01312558-58D4-47BF-A95A-1BA416379B9F}.Debug|Any CPU.Build.0 = Debug|x86
		{01312558-58D4-47BF-A95A-1BA416379B9F}.Debug|Any CPU.Deploy.0 = Debug|x86
		{01312558-58D4-47BF-A95A-1BA416379B9F}.Debug|ARM.ActiveCfg = Debug|ARM
		{01312558-58D4-47BF-A95A-1BA416379B9F}.Debug|ARM.Build.0 = Debug|ARM
		{01312558-58D4-47BF-A95A-1BA416379B9F}.Debug|ARM.Deploy.0 = Debug|ARM
		{01312558-58D4-47BF-A95A-1BA416379B9F}.Debug|x64.ActiveCfg = Debug|x64
		{01312558-58D4-47BF-A95A-1BA416379B9F}.Debug|x64.Build.0 = Debug|x64
		{01312558-58D4-47BF-A95A-1BA416379B9F}.Debug|x64.Deploy.0 = Debug|x64
		{01312558-58D4-47BF-A95A-1BA416379B9F}.Debug|x86.ActiveCfg = Debug|x86
		{01312558-58D4-47BF-A95A-1BA416379B9F}.Debug|x86.Build.0 = Debug|x86
		{01312558-58D4-47BF-A95A-1BA416379B9F}.Debug|x86.Deploy.0 = Debug|x86
		{01312558-58D4-47BF-A95A-1BA416379B9F}.Release|Any CPU.ActiveCfg = Release|x86
		{01312558-58D4-47BF-A95A-1BA416379B9F}.Release|Any CPU.Build.0 = Release|x86
		{01312558-58D4-47BF-A95A-1BA416379B9F}.Release|Any CPU.Deploy.0 = Release|x86
		{01312558-58D4-47BF-A95A-1BA416379B9F}.Release|ARM.ActiveCfg = Release|ARM
		{01312558-58D4-47BF-A95A-1BA416379B9F}.Release|ARM.Build.0 = Release|ARM
		{01312558-58D4-47BF-A95A-1BA416379B9F}.Release|ARM.Deploy.0 = Release|ARM
		{01312558-58D4-47BF-A95A-1BA416379B9F}.Release|x64.ActiveCfg = Release|x64
		{01312558-58D4-47BF-A95A-1BA416379B9F}.Release|x64.Build.0 = Release|x64
		{01312558-58D4-47BF-A95A-1BA416379B9F}.Release|x64.Deploy.0 = Release|x64
		{01312558-58D4-47BF-A95A-1BA416379B9F}.Release|x86.ActiveCfg = Release|x86
		{01312558-58D4-47BF-A95A-1BA416379B9F}.Release|x86.Build.0 = Release|x86
		{01312558-58D4-47BF-A95A-1BA416379B9F}.Release|x86.Deploy.0 = Release|x86
	EndGlobalSection
	GlobalSection(SolutionProperties) = preSolution
		HideSolutionNode = FALSE
	EndGlobalSection
	GlobalSection(ExtensibilityGlobals) = postSolution
		SolutionGuid = {DBBC728E-1EFA-4F99-AE5F-FD87045A9AC2}
	EndGlobalSection
EndGlobal
